// !$*UTF8*$!
{
	archiveVersion = 1;
	classes = {
	};
	objectVersion = 50;
	objects = {

/* Begin PBXBuildFile section */
		EC61A44222BCD78400580936 /* AppDelegate.swift in Sources */ = {isa = PBXBuildFile; fileRef = EC61A44122BCD78400580936 /* AppDelegate.swift */; };
		EC61A44422BCD78400580936 /* ViewController.swift in Sources */ = {isa = PBXBuildFile; fileRef = EC61A44322BCD78400580936 /* ViewController.swift */; };
		EC61A44722BCD78400580936 /* Main.storyboard in Resources */ = {isa = PBXBuildFile; fileRef = EC61A44522BCD78400580936 /* Main.storyboard */; };
		EC61A44922BCD78600580936 /* Assets.xcassets in Resources */ = {isa = PBXBuildFile; fileRef = EC61A44822BCD78600580936 /* Assets.xcassets */; };
		EC61A44C22BCD78600580936 /* LaunchScreen.storyboard in Resources */ = {isa = PBXBuildFile; fileRef = EC61A44A22BCD78600580936 /* LaunchScreen.storyboard */; };
		EC61A45722BCD78600580936 /* TableViewExampleTests.swift in Sources */ = {isa = PBXBuildFile; fileRef = EC61A45622BCD78600580936 /* TableViewExampleTests.swift */; };
		EC61A46222BCD78600580936 /* TableViewExampleUITests.swift in Sources */ = {isa = PBXBuildFile; fileRef = EC61A46122BCD78600580936 /* TableViewExampleUITests.swift */; };
		EC61A47022BCE30100580936 /* User.swift in Sources */ = {isa = PBXBuildFile; fileRef = EC61A46F22BCE30100580936 /* User.swift */; };
/* End PBXBuildFile section */

/* Begin PBXContainerItemProxy section */
		EC61A45322BCD78600580936 /* PBXContainerItemProxy */ = {
			isa = PBXContainerItemProxy;
			containerPortal = EC61A43622BCD78400580936 /* Project object */;
			proxyType = 1;
			remoteGlobalIDString = EC61A43D22BCD78400580936;
			remoteInfo = TableViewExample;
		};
		EC61A45E22BCD78600580936 /* PBXContainerItemProxy */ = {
			isa = PBXContainerItemProxy;
			containerPortal = EC61A43622BCD78400580936 /* Project object */;
			proxyType = 1;
			remoteGlobalIDString = EC61A43D22BCD78400580936;
			remoteInfo = TableViewExample;
		};
/* End PBXContainerItemProxy section */

/* Begin PBXFileReference section */
		EC61A43E22BCD78400580936 /* TableViewExample.app */ = {isa = PBXFileReference; explicitFileType = wrapper.application; includeInIndex = 0; path = TableViewExample.app; sourceTree = BUILT_PRODUCTS_DIR; };
		EC61A44122BCD78400580936 /* AppDelegate.swift */ = {isa = PBXFileReference; lastKnownFileType = sourcecode.swift; path = AppDelegate.swift; sourceTree = "<group>"; };
		EC61A44322BCD78400580936 /* ViewController.swift */ = {isa = PBXFileReference; lastKnownFileType = sourcecode.swift; path = ViewController.swift; sourceTree = "<group>"; };
		EC61A44622BCD78400580936 /* Base */ = {isa = PBXFileReference; lastKnownFileType = file.storyboard; name = Base; path = Base.lproj/Main.storyboard; sourceTree = "<group>"; };
		EC61A44822BCD78600580936 /* Assets.xcassets */ = {isa = PBXFileReference; lastKnownFileType = folder.assetcatalog; path = Assets.xcassets; sourceTree = "<group>"; };
		EC61A44B22BCD78600580936 /* Base */ = {isa = PBXFileReference; lastKnownFileType = file.storyboard; name = Base; path = Base.lproj/LaunchScreen.storyboard; sourceTree = "<group>"; };
		EC61A44D22BCD78600580936 /* Info.plist */ = {isa = PBXFileReference; lastKnownFileType = text.plist.xml; path = Info.plist; sourceTree = "<group>"; };
		EC61A45222BCD78600580936 /* TableViewExampleTests.xctest */ = {isa = PBXFileReference; explicitFileType = wrapper.cfbundle; includeInIndex = 0; path = TableViewExampleTests.xctest; sourceTree = BUILT_PRODUCTS_DIR; };
		EC61A45622BCD78600580936 /* TableViewExampleTests.swift */ = {isa = PBXFileReference; lastKnownFileType = sourcecode.swift; path = TableViewExampleTests.swift; sourceTree = "<group>"; };
		EC61A45822BCD78600580936 /* Info.plist */ = {isa = PBXFileReference; lastKnownFileType = text.plist.xml; path = Info.plist; sourceTree = "<group>"; };
		EC61A45D22BCD78600580936 /* TableViewExampleUITests.xctest */ = {isa = PBXFileReference; explicitFileType = wrapper.cfbundle; includeInIndex = 0; path = TableViewExampleUITests.xctest; sourceTree = BUILT_PRODUCTS_DIR; };
		EC61A46122BCD78600580936 /* TableViewExampleUITests.swift */ = {isa = PBXFileReference; lastKnownFileType = sourcecode.swift; path = TableViewExampleUITests.swift; sourceTree = "<group>"; };
		EC61A46322BCD78600580936 /* Info.plist */ = {isa = PBXFileReference; lastKnownFileType = text.plist.xml; path = Info.plist; sourceTree = "<group>"; };
		EC61A46F22BCE30100580936 /* User.swift */ = {isa = PBXFileReference; lastKnownFileType = sourcecode.swift; path = User.swift; sourceTree = "<group>"; };
/* End PBXFileReference section */

/* Begin PBXFrameworksBuildPhase section */
		EC61A43B22BCD78400580936 /* Frameworks */ = {
			isa = PBXFrameworksBuildPhase;
			buildActionMask = 2147483647;
			files = (
			);
			runOnlyForDeploymentPostprocessing = 0;
		};
		EC61A44F22BCD78600580936 /* Frameworks */ = {
			isa = PBXFrameworksBuildPhase;
			buildActionMask = 2147483647;
			files = (
			);
			runOnlyForDeploymentPostprocessing = 0;
		};
		EC61A45A22BCD78600580936 /* Frameworks */ = {
			isa = PBXFrameworksBuildPhase;
			buildActionMask = 2147483647;
			files = (
			);
			runOnlyForDeploymentPostprocessing = 0;
		};
/* End PBXFrameworksBuildPhase section */

/* Begin PBXGroup section */
		EC61A43522BCD78400580936 = {
			isa = PBXGroup;
			children = (
				EC61A44022BCD78400580936 /* TableViewExample */,
				EC61A45522BCD78600580936 /* TableViewExampleTests */,
				EC61A46022BCD78600580936 /* TableViewExampleUITests */,
				EC61A43F22BCD78400580936 /* Products */,
			);
			sourceTree = "<group>";
		};
		EC61A43F22BCD78400580936 /* Products */ = {
			isa = PBXGroup;
			children = (
				EC61A43E22BCD78400580936 /* TableViewExample.app */,
				EC61A45222BCD78600580936 /* TableViewExampleTests.xctest */,
				EC61A45D22BCD78600580936 /* TableViewExampleUITests.xctest */,
			);
			name = Products;
			sourceTree = "<group>";
		};
		EC61A44022BCD78400580936 /* TableViewExample */ = {
			isa = PBXGroup;
			children = (
				EC61A44122BCD78400580936 /* AppDelegate.swift */,
				EC61A44322BCD78400580936 /* ViewController.swift */,
				EC61A44522BCD78400580936 /* Main.storyboard */,
				EC61A44822BCD78600580936 /* Assets.xcassets */,
				EC61A44A22BCD78600580936 /* LaunchScreen.storyboard */,
				EC61A44D22BCD78600580936 /* Info.plist */,
				EC61A46F22BCE30100580936 /* User.swift */,
			);
			path = TableViewExample;
			sourceTree = "<group>";
		};
		EC61A45522BCD78600580936 /* TableViewExampleTests */ = {
			isa = PBXGroup;
			children = (
				EC61A45622BCD78600580936 /* TableViewExampleTests.swift */,
				EC61A45822BCD78600580936 /* Info.plist */,
			);
			path = TableViewExampleTests;
			sourceTree = "<group>";
		};
		EC61A46022BCD78600580936 /* TableViewExampleUITests */ = {
			isa = PBXGroup;
			children = (
				EC61A46122BCD78600580936 /* TableViewExampleUITests.swift */,
				EC61A46322BCD78600580936 /* Info.plist */,
			);
			path = TableViewExampleUITests;
			sourceTree = "<group>";
		};
/* End PBXGroup section */

/* Begin PBXNativeTarget section */
		EC61A43D22BCD78400580936 /* TableViewExample */ = {
			isa = PBXNativeTarget;
			buildConfigurationList = EC61A46622BCD78600580936 /* Build configuration list for PBXNativeTarget "TableViewExample" */;
			buildPhases = (
				EC61A43A22BCD78400580936 /* Sources */,
				EC61A43B22BCD78400580936 /* Frameworks */,
				EC61A43C22BCD78400580936 /* Resources */,
			);
			buildRules = (
			);
			dependencies = (
			);
			name = TableViewExample;
			productName = TableViewExample;
			productReference = EC61A43E22BCD78400580936 /* TableViewExample.app */;
			productType = "com.apple.product-type.application";
		};
		EC61A45122BCD78600580936 /* TableViewExampleTests */ = {
			isa = PBXNativeTarget;
			buildConfigurationList = EC61A46922BCD78600580936 /* Build configuration list for PBXNativeTarget "TableViewExampleTests" */;
			buildPhases = (
				EC61A44E22BCD78600580936 /* Sources */,
				EC61A44F22BCD78600580936 /* Frameworks */,
				EC61A45022BCD78600580936 /* Resources */,
			);
			buildRules = (
			);
			dependencies = (
				EC61A45422BCD78600580936 /* PBXTargetDependency */,
			);
			name = TableViewExampleTests;
			productName = TableViewExampleTests;
			productReference = EC61A45222BCD78600580936 /* TableViewExampleTests.xctest */;
			productType = "com.apple.product-type.bundle.unit-test";
		};
		EC61A45C22BCD78600580936 /* TableViewExampleUITests */ = {
			isa = PBXNativeTarget;
			buildConfigurationList = EC61A46C22BCD78600580936 /* Build configuration list for PBXNativeTarget "TableViewExampleUITests" */;
			buildPhases = (
				EC61A45922BCD78600580936 /* Sources */,
				EC61A45A22BCD78600580936 /* Frameworks */,
				EC61A45B22BCD78600580936 /* Resources */,
			);
			buildRules = (
			);
			dependencies = (
				EC61A45F22BCD78600580936 /* PBXTargetDependency */,
			);
			name = TableViewExampleUITests;
			productName = TableViewExampleUITests;
			productReference = EC61A45D22BCD78600580936 /* TableViewExampleUITests.xctest */;
			productType = "com.apple.product-type.bundle.ui-testing";
		};
/* End PBXNativeTarget section */

/* Begin PBXProject section */
		EC61A43622BCD78400580936 /* Project object */ = {
			isa = PBXProject;
			attributes = {
				LastSwiftUpdateCheck = 1010;
				LastUpgradeCheck = 1010;
				ORGANIZATIONNAME = "Zouhair Sassi";
				TargetAttributes = {
					EC61A43D22BCD78400580936 = {
						CreatedOnToolsVersion = 10.1;
					};
					EC61A45122BCD78600580936 = {
						CreatedOnToolsVersion = 10.1;
						TestTargetID = EC61A43D22BCD78400580936;
					};
					EC61A45C22BCD78600580936 = {
						CreatedOnToolsVersion = 10.1;
						TestTargetID = EC61A43D22BCD78400580936;
					};
				};
			};
			buildConfigurationList = EC61A43922BCD78400580936 /* Build configuration list for PBXProject "TableViewExample" */;
			compatibilityVersion = "Xcode 9.3";
			developmentRegion = en;
			hasScannedForEncodings = 0;
			knownRegions = (
				en,
				Base,
			);
			mainGroup = EC61A43522BCD78400580936;
			productRefGroup = EC61A43F22BCD78400580936 /* Products */;
			projectDirPath = "";
			projectRoot = "";
			targets = (
				EC61A43D22BCD78400580936 /* TableViewExample */,
				EC61A45122BCD78600580936 /* TableViewExampleTests */,
				EC61A45C22BCD78600580936 /* TableViewExampleUITests */,
			);
		};
/* End PBXProject section */

/* Begin PBXResourcesBuildPhase section */
		EC61A43C22BCD78400580936 /* Resources */ = {
			isa = PBXResourcesBuildPhase;
			buildActionMask = 2147483647;
			files = (
				EC61A44C22BCD78600580936 /* LaunchScreen.storyboard in Resources */,
				EC61A44922BCD78600580936 /* Assets.xcassets in Resources */,
				EC61A44722BCD78400580936 /* Main.storyboard in Resources */,
			);
			runOnlyForDeploymentPostprocessing = 0;
		};
		EC61A45022BCD78600580936 /* Resources */ = {
			isa = PBXResourcesBuildPhase;
			buildActionMask = 2147483647;
			files = (
			);
			runOnlyForDeploymentPostprocessing = 0;
		};
		EC61A45B22BCD78600580936 /* Resources */ = {
			isa = PBXResourcesBuildPhase;
			buildActionMask = 2147483647;
			files = (
			);
			runOnlyForDeploymentPostprocessing = 0;
		};
/* End PBXResourcesBuildPhase section */

/* Begin PBXSourcesBuildPhase section */
		EC61A43A22BCD78400580936 /* Sources */ = {
			isa = PBXSourcesBuildPhase;
			buildActionMask = 2147483647;
			files = (
				EC61A44422BCD78400580936 /* ViewController.swift in Sources */,
				EC61A44222BCD78400580936 /* AppDelegate.swift in Sources */,
				EC61A47022BCE30100580936 /* User.swift in Sources */,
			);
			runOnlyForDeploymentPostprocessing = 0;
		};
		EC61A44E22BCD78600580936 /* Sources */ = {
			isa = PBXSourcesBuildPhase;
			buildActionMask = 2147483647;
			files = (
				EC61A45722BCD78600580936 /* TableViewExampleTests.swift in Sources */,
			);
			runOnlyForDeploymentPostprocessing = 0;
		};
		EC61A45922BCD78600580936 /* Sources */ = {
			isa = PBXSourcesBuildPhase;
			buildActionMask = 2147483647;
			files = (
				EC61A46222BCD78600580936 /* TableViewExampleUITests.swift in Sources */,
			);
			runOnlyForDeploymentPostprocessing = 0;
		};
/* End PBXSourcesBuildPhase section */

/* Begin PBXTargetDependency section */
		EC61A45422BCD78600580936 /* PBXTargetDependency */ = {
			isa = PBXTargetDependency;
			target = EC61A43D22BCD78400580936 /* TableViewExample */;
			targetProxy = EC61A45322BCD78600580936 /* PBXContainerItemProxy */;
		};
		EC61A45F22BCD78600580936 /* PBXTargetDependency */ = {
			isa = PBXTargetDependency;
			target = EC61A43D22BCD78400580936 /* TableViewExample */;
			targetProxy = EC61A45E22BCD78600580936 /* PBXContainerItemProxy */;
		};
/* End PBXTargetDependency section */

/* Begin PBXVariantGroup section */
		EC61A44522BCD78400580936 /* Main.storyboard */ = {
			isa = PBXVariantGroup;
			children = (
				EC61A44622BCD78400580936 /* Base */,
			);
			name = Main.storyboard;
			sourceTree = "<group>";
		};
		EC61A44A22BCD78600580936 /* LaunchScreen.storyboard */ = {
			isa = PBXVariantGroup;
			children = (
				EC61A44B22BCD78600580936 /* Base */,
			);
			name = LaunchScreen.storyboard;
			sourceTree = "<group>";
		};
/* End PBXVariantGroup section */

/* Begin XCBuildConfiguration section */
		EC61A46422BCD78600580936 /* Debug */ = {
			isa = XCBuildConfiguration;
			buildSettings = {
				ALWAYS_SEARCH_USER_PATHS = NO;
				CLANG_ANALYZER_NONNULL = YES;
				CLANG_ANALYZER_NUMBER_OBJECT_CONVERSION = YES_AGGRESSIVE;
				CLANG_CXX_LANGUAGE_STANDARD = "gnu++14";
				CLANG_CXX_LIBRARY = "libc++";
				CLANG_ENABLE_MODULES = YES;
				CLANG_ENABLE_OBJC_ARC = YES;
				CLANG_ENABLE_OBJC_WEAK = YES;
				CLANG_WARN_BLOCK_CAPTURE_AUTORELEASING = YES;
				CLANG_WARN_BOOL_CONVERSION = YES;
				CLANG_WARN_COMMA = YES;
				CLANG_WARN_CONSTANT_CONVERSION = YES;
				CLANG_WARN_DEPRECATED_OBJC_IMPLEMENTATIONS = YES;
				CLANG_WARN_DIRECT_OBJC_ISA_USAGE = YES_ERROR;
				CLANG_WARN_DOCUMENTATION_COMMENTS = YES;
				CLANG_WARN_EMPTY_BODY = YES;
				CLANG_WARN_ENUM_CONVERSION = YES;
				CLANG_WARN_INFINITE_RECURSION = YES;
				CLANG_WARN_INT_CONVERSION = YES;
				CLANG_WARN_NON_LITERAL_NULL_CONVERSION = YES;
				CLANG_WARN_OBJC_IMPLICIT_RETAIN_SELF = YES;
				CLANG_WARN_OBJC_LITERAL_CONVERSION = YES;
				CLANG_WARN_OBJC_ROOT_CLASS = YES_ERROR;
				CLANG_WARN_RANGE_LOOP_ANALYSIS = YES;
				CLANG_WARN_STRICT_PROTOTYPES = YES;
				CLANG_WARN_SUSPICIOUS_MOVE = YES;
				CLANG_WARN_UNGUARDED_AVAILABILITY = YES_AGGRESSIVE;
				CLANG_WARN_UNREACHABLE_CODE = YES;
				CLANG_WARN__DUPLICATE_METHOD_MATCH = YES;
				CODE_SIGN_IDENTITY = "iPhone Developer";
				COPY_PHASE_STRIP = NO;
				DEBUG_INFORMATION_FORMAT = dwarf;
				ENABLE_STRICT_OBJC_MSGSEND = YES;
				ENABLE_TESTABILITY = YES;
				GCC_C_LANGUAGE_STANDARD = gnu11;
				GCC_DYNAMIC_NO_PIC = NO;
				GCC_NO_COMMON_BLOCKS = YES;
				GCC_OPTIMIZATION_LEVEL = 0;
				GCC_PREPROCESSOR_DEFINITIONS = (
					"DEBUG=1",
					"$(inherited)",
				);
				GCC_WARN_64_TO_32_BIT_CONVERSION = YES;
				GCC_WARN_ABOUT_RETURN_TYPE = YES_ERROR;
				GCC_WARN_UNDECLARED_SELECTOR = YES;
				GCC_WARN_UNINITIALIZED_AUTOS = YES_AGGRESSIVE;
				GCC_WARN_UNUSED_FUNCTION = YES;
				GCC_WARN_UNUSED_VARIABLE = YES;
				IPHONEOS_DEPLOYMENT_TARGET = 12.1;
				MTL_ENABLE_DEBUG_INFO = INCLUDE_SOURCE;
				MTL_FAST_MATH = YES;
				ONLY_ACTIVE_ARCH = YES;
				SDKROOT = iphoneos;
				SWIFT_ACTIVE_COMPILATION_CONDITIONS = DEBUG;
				SWIFT_OPTIMIZATION_LEVEL = "-Onone";
			};
			name = Debug;
		};
		EC61A46522BCD78600580936 /* Release */ = {
			isa = XCBuildConfiguration;
			buildSettings = {
				ALWAYS_SEARCH_USER_PATHS = NO;
				CLANG_ANALYZER_NONNULL = YES;
				CLANG_ANALYZER_NUMBER_OBJECT_CONVERSION = YES_AGGRESSIVE;
				CLANG_CXX_LANGUAGE_STANDARD = "gnu++14";
				CLANG_CXX_LIBRARY = "libc++";
				CLANG_ENABLE_MODULES = YES;
				CLANG_ENABLE_OBJC_ARC = YES;
				CLANG_ENABLE_OBJC_WEAK = YES;
				CLANG_WARN_BLOCK_CAPTURE_AUTORELEASING = YES;
				CLANG_WARN_BOOL_CONVERSION = YES;
				CLANG_WARN_COMMA = YES;
				CLANG_WARN_CONSTANT_CONVERSION = YES;
				CLANG_WARN_DEPRECATED_OBJC_IMPLEMENTATIONS = YES;
				CLANG_WARN_DIRECT_OBJC_ISA_USAGE = YES_ERROR;
				CLANG_WARN_DOCUMENTATION_COMMENTS = YES;
				CLANG_WARN_EMPTY_BODY = YES;
				CLANG_WARN_ENUM_CONVERSION = YES;
				CLANG_WARN_INFINITE_RECURSION = YES;
				CLANG_WARN_INT_CONVERSION = YES;
				CLANG_WARN_NON_LITERAL_NULL_CONVERSION = YES;
				CLANG_WARN_OBJC_IMPLICIT_RETAIN_SELF = YES;
				CLANG_WARN_OBJC_LITERAL_CONVERSION = YES;
				CLANG_WARN_OBJC_ROOT_CLASS = YES_ERROR;
				CLANG_WARN_RANGE_LOOP_ANALYSIS = YES;
				CLANG_WARN_STRICT_PROTOTYPES = YES;
				CLANG_WARN_SUSPICIOUS_MOVE = YES;
				CLANG_WARN_UNGUARDED_AVAILABILITY = YES_AGGRESSIVE;
				CLANG_WARN_UNREACHABLE_CODE = YES;
				CLANG_WARN__DUPLICATE_METHOD_MATCH = YES;
				CODE_SIGN_IDENTITY = "iPhone Developer";
				COPY_PHASE_STRIP = NO;
				DEBUG_INFORMATION_FORMAT = "dwarf-with-dsym";
				ENABLE_NS_ASSERTIONS = NO;
				ENABLE_STRICT_OBJC_MSGSEND = YES;
				GCC_C_LANGUAGE_STANDARD = gnu11;
				GCC_NO_COMMON_BLOCKS = YES;
				GCC_WARN_64_TO_32_BIT_CONVERSION = YES;
				GCC_WARN_ABOUT_RETURN_TYPE = YES_ERROR;
				GCC_WARN_UNDECLARED_SELECTOR = YES;
				GCC_WARN_UNINITIALIZED_AUTOS = YES_AGGRESSIVE;
				GCC_WARN_UNUSED_FUNCTION = YES;
				GCC_WARN_UNUSED_VARIABLE = YES;
				IPHONEOS_DEPLOYMENT_TARGET = 12.1;
				MTL_ENABLE_DEBUG_INFO = NO;
				MTL_FAST_MATH = YES;
				SDKROOT = iphoneos;
				SWIFT_COMPILATION_MODE = wholemodule;
				SWIFT_OPTIMIZATION_LEVEL = "-O";
				VALIDATE_PRODUCT = YES;
			};
			name = Release;
		};
		EC61A46722BCD78600580936 /* Debug */ = {
			isa = XCBuildConfiguration;
			buildSettings = {
				ASSETCATALOG_COMPILER_APPICON_NAME = AppIcon;
				CODE_SIGN_STYLE = Automatic;
				DEVELOPMENT_TEAM = X4T3WLUFG7;
				INFOPLIST_FILE = TableViewExample/Info.plist;
				LD_RUNPATH_SEARCH_PATHS = (
					"$(inherited)",
					"@executable_path/Frameworks",
				);
				PRODUCT_BUNDLE_IDENTIFIER = com.TableViewExample;
				PRODUCT_NAME = "$(TARGET_NAME)";
				SWIFT_VERSION = 4.2;
				TARGETED_DEVICE_FAMILY = "1,2";
			};
			name = Debug;
		};
		EC61A46822BCD78600580936 /* Release */ = {
			isa = XCBuildConfiguration;
			buildSettings = {
				ASSETCATALOG_COMPILER_APPICON_NAME = AppIcon;
				CODE_SIGN_STYLE = Automatic;
				DEVELOPMENT_TEAM = X4T3WLUFG7;
				INFOPLIST_FILE = TableViewExample/Info.plist;
				LD_RUNPATH_SEARCH_PATHS = (
					"$(inherited)",
					"@executable_path/Frameworks",
				);
				PRODUCT_BUNDLE_IDENTIFIER = com.TableViewExample;
				PRODUCT_NAME = "$(TARGET_NAME)";
				SWIFT_VERSION = 4.2;
				TARGETED_DEVICE_FAMILY = "1,2";
			};
			name = Release;
		};
		EC61A46A22BCD78600580936 /* Debug */ = {
			isa = XCBuildConfiguration;
			buildSettings = {
				ALWAYS_EMBED_SWIFT_STANDARD_LIBRARIES = YES;
				BUNDLE_LOADER = "$(TEST_HOST)";
				CODE_SIGN_STYLE = Automatic;
				DEVELOPMENT_TEAM = X4T3WLUFG7;
				INFOPLIST_FILE = TableViewExampleTests/Info.plist;
				LD_RUNPATH_SEARCH_PATHS = (
					"$(inherited)",
					"@executable_path/Frameworks",
					"@loader_path/Frameworks",
				);
				PRODUCT_BUNDLE_IDENTIFIER = com.TableViewExampleTests;
				PRODUCT_NAME = "$(TARGET_NAME)";
				SWIFT_VERSION = 4.2;
				TARGETED_DEVICE_FAMILY = "1,2";
				TEST_HOST = "$(BUILT_PRODUCTS_DIR)/TableViewExample.app/TableViewExample";
			};
			name = Debug;
		};
		EC61A46B22BCD78600580936 /* Release */ = {
			isa = XCBuildConfiguration;
			buildSettings = {
				ALWAYS_EMBED_SWIFT_STANDARD_LIBRARIES = YES;
				BUNDLE_LOADER = "$(TEST_HOST)";
				CODE_SIGN_STYLE = Automatic;
				DEVELOPMENT_TEAM = X4T3WLUFG7;
				INFOPLIST_FILE = TableViewExampleTests/Info.plist;
				LD_RUNPATH_SEARCH_PATHS = (
					"$(inherited)",
					"@executable_path/Frameworks",
					"@loader_path/Frameworks",
				);
				PRODUCT_BUNDLE_IDENTIFIER = com.TableViewExampleTests;
				PRODUCT_NAME = "$(TARGET_NAME)";
				SWIFT_VERSION = 4.2;
				TARGETED_DEVICE_FAMILY = "1,2";
				TEST_HOST = "$(BUILT_PRODUCTS_DIR)/TableViewExample.app/TableViewExample";
			};
			name = Release;
		};
		EC61A46D22BCD78600580936 /* Debug */ = {
			isa = XCBuildConfiguration;
			buildSettings = {
				ALWAYS_EMBED_SWIFT_STANDARD_LIBRARIES = YES;
				CODE_SIGN_STYLE = Automatic;
				DEVELOPMENT_TEAM = X4T3WLUFG7;
				INFOPLIST_FILE = TableViewExampleUITests/Info.plist;
				LD_RUNPATH_SEARCH_PATHS = (
					"$(inherited)",
					"@executable_path/Frameworks",
					"@loader_path/Frameworks",
				);
				PRODUCT_BUNDLE_IDENTIFIER = com.TableViewExampleUITests;
				PRODUCT_NAME = "$(TARGET_NAME)";
				SWIFT_VERSION = 4.2;
				TARGETED_DEVICE_FAMILY = "1,2";
				TEST_TARGET_NAME = TableViewExample;
			};
			name = Debug;
		};
		EC61A46E22BCD78600580936 /* Release */ = {
			isa = XCBuildConfiguration;
			buildSettings = {
				ALWAYS_EMBED_SWIFT_STANDARD_LIBRARIES = YES;
				CODE_SIGN_STYLE = Automatic;
				DEVELOPMENT_TEAM = X4T3WLUFG7;
				INFOPLIST_FILE = TableViewExampleUITests/Info.plist;
				LD_RUNPATH_SEARCH_PATHS = (
					"$(inherited)",
					"@executable_path/Frameworks",
					"@loader_path/Frameworks",
				);
				PRODUCT_BUNDLE_IDENTIFIER = com.TableViewExampleUITests;
				PRODUCT_NAME = "$(TARGET_NAME)";
				SWIFT_VERSION = 4.2;
				TARGETED_DEVICE_FAMILY = "1,2";
				TEST_TARGET_NAME = TableViewExample;
			};
			name = Release;
		};
/* End XCBuildConfiguration section */

/* Begin XCConfigurationList section */
		EC61A43922BCD78400580936 /* Build configuration list for PBXProject "TableViewExample" */ = {
			isa = XCConfigurationList;
			buildConfigurations = (
				EC61A46422BCD78600580936 /* Debug */,
				EC61A46522BCD78600580936 /* Release */,
			);
			defaultConfigurationIsVisible = 0;
			defaultConfigurationName = Release;
		};
		EC61A46622BCD78600580936 /* Build configuration list for PBXNativeTarget "TableViewExample" */ = {
			isa = XCConfigurationList;
			buildConfigurations = (
				EC61A46722BCD78600580936 /* Debug */,
				EC61A46822BCD78600580936 /* Release */,
			);
			defaultConfigurationIsVisible = 0;
			defaultConfigurationName = Release;
		};
		EC61A46922BCD78600580936 /* Build configuration list for PBXNativeTarget "TableViewExampleTests" */ = {
			isa = XCConfigurationList;
			buildConfigurations = (
				EC61A46A22BCD78600580936 /* Debug */,
				EC61A46B22BCD78600580936 /* Release */,
			);
			defaultConfigurationIsVisible = 0;
			defaultConfigurationName = Release;
		};
		EC61A46C22BCD78600580936 /* Build configuration list for PBXNativeTarget "TableViewExampleUITests" */ = {
			isa = XCConfigurationList;
			buildConfigurations = (
				EC61A46D22BCD78600580936 /* Debug */,
				EC61A46E22BCD78600580936 /* Release */,
			);
			defaultConfigurationIsVisible = 0;
			defaultConfigurationName = Release;
		};
/* End XCConfigurationList section */
	};
	rootObject = EC61A43622BCD78400580936 /* Project object */;
}
